// !$*UTF8*$!
{
	archiveVersion = 1;
	classes = {
	};
	objectVersion = 55;
	objects = {

/* Begin PBXBuildFile section */
		065B340B28D8636D004DA3F2 /* AppDelegate.swift in Sources */ = {isa = PBXBuildFile; fileRef = 065B340A28D8636D004DA3F2 /* AppDelegate.swift */; };
		065B340D28D8636D004DA3F2 /* SceneDelegate.swift in Sources */ = {isa = PBXBuildFile; fileRef = 065B340C28D8636D004DA3F2 /* SceneDelegate.swift */; };
		065B340F28D8636D004DA3F2 /* ViewController.swift in Sources */ = {isa = PBXBuildFile; fileRef = 065B340E28D8636D004DA3F2 /* ViewController.swift */; };
		065B341228D8636D004DA3F2 /* Main.storyboard in Resources */ = {isa = PBXBuildFile; fileRef = 065B341028D8636D004DA3F2 /* Main.storyboard */; };
		065B341428D8636E004DA3F2 /* Assets.xcassets in Resources */ = {isa = PBXBuildFile; fileRef = 065B341328D8636E004DA3F2 /* Assets.xcassets */; };
		065B341728D8636E004DA3F2 /* LaunchScreen.storyboard in Resources */ = {isa = PBXBuildFile; fileRef = 065B341528D8636E004DA3F2 /* LaunchScreen.storyboard */; };
		065B342228D8636E004DA3F2 /* GitDemoAppTests.swift in Sources */ = {isa = PBXBuildFile; fileRef = 065B342128D8636E004DA3F2 /* GitDemoAppTests.swift */; };
		065B342C28D8636E004DA3F2 /* GitDemoAppUITests.swift in Sources */ = {isa = PBXBuildFile; fileRef = 065B342B28D8636E004DA3F2 /* GitDemoAppUITests.swift */; };
		065B342E28D8636E004DA3F2 /* GitDemoAppUITestsLaunchTests.swift in Sources */ = {isa = PBXBuildFile; fileRef = 065B342D28D8636E004DA3F2 /* GitDemoAppUITestsLaunchTests.swift */; };
/* End PBXBuildFile section */

/* Begin PBXContainerItemProxy section */
		065B341E28D8636E004DA3F2 /* PBXContainerItemProxy */ = {
			isa = PBXContainerItemProxy;
			containerPortal = 065B33FF28D8636D004DA3F2 /* Project object */;
			proxyType = 1;
			remoteGlobalIDString = 065B340628D8636D004DA3F2;
			remoteInfo = GitDemoApp;
		};
		065B342828D8636E004DA3F2 /* PBXContainerItemProxy */ = {
			isa = PBXContainerItemProxy;
			containerPortal = 065B33FF28D8636D004DA3F2 /* Project object */;
			proxyType = 1;
			remoteGlobalIDString = 065B340628D8636D004DA3F2;
			remoteInfo = GitDemoApp;
		};
/* End PBXContainerItemProxy section */

/* Begin PBXFileReference section */
		065B340728D8636D004DA3F2 /* GitDemoApp.app */ = {isa = PBXFileReference; explicitFileType = wrapper.application; includeInIndex = 0; path = GitDemoApp.app; sourceTree = BUILT_PRODUCTS_DIR; };
		065B340A28D8636D004DA3F2 /* AppDelegate.swift */ = {isa = PBXFileReference; lastKnownFileType = sourcecode.swift; path = AppDelegate.swift; sourceTree = "<group>"; };
		065B340C28D8636D004DA3F2 /* SceneDelegate.swift */ = {isa = PBXFileReference; lastKnownFileType = sourcecode.swift; path = SceneDelegate.swift; sourceTree = "<group>"; };
		065B340E28D8636D004DA3F2 /* ViewController.swift */ = {isa = PBXFileReference; lastKnownFileType = sourcecode.swift; path = ViewController.swift; sourceTree = "<group>"; };
		065B341128D8636D004DA3F2 /* Base */ = {isa = PBXFileReference; lastKnownFileType = file.storyboard; name = Base; path = Base.lproj/Main.storyboard; sourceTree = "<group>"; };
		065B341328D8636E004DA3F2 /* Assets.xcassets */ = {isa = PBXFileReference; lastKnownFileType = folder.assetcatalog; path = Assets.xcassets; sourceTree = "<group>"; };
		065B341628D8636E004DA3F2 /* Base */ = {isa = PBXFileReference; lastKnownFileType = file.storyboard; name = Base; path = Base.lproj/LaunchScreen.storyboard; sourceTree = "<group>"; };
		065B341828D8636E004DA3F2 /* Info.plist */ = {isa = PBXFileReference; lastKnownFileType = text.plist.xml; path = Info.plist; sourceTree = "<group>"; };
		065B341D28D8636E004DA3F2 /* GitDemoAppTests.xctest */ = {isa = PBXFileReference; explicitFileType = wrapper.cfbundle; includeInIndex = 0; path = GitDemoAppTests.xctest; sourceTree = BUILT_PRODUCTS_DIR; };
		065B342128D8636E004DA3F2 /* GitDemoAppTests.swift */ = {isa = PBXFileReference; lastKnownFileType = sourcecode.swift; path = GitDemoAppTests.swift; sourceTree = "<group>"; };
		065B342728D8636E004DA3F2 /* GitDemoAppUITests.xctest */ = {isa = PBXFileReference; explicitFileType = wrapper.cfbundle; includeInIndex = 0; path = GitDemoAppUITests.xctest; sourceTree = BUILT_PRODUCTS_DIR; };
		065B342B28D8636E004DA3F2 /* GitDemoAppUITests.swift */ = {isa = PBXFileReference; lastKnownFileType = sourcecode.swift; path = GitDemoAppUITests.swift; sourceTree = "<group>"; };
		065B342D28D8636E004DA3F2 /* GitDemoAppUITestsLaunchTests.swift */ = {isa = PBXFileReference; lastKnownFileType = sourcecode.swift; path = GitDemoAppUITestsLaunchTests.swift; sourceTree = "<group>"; };
/* End PBXFileReference section */

/* Begin PBXFrameworksBuildPhase section */
		065B340428D8636D004DA3F2 /* Frameworks */ = {
			isa = PBXFrameworksBuildPhase;
			buildActionMask = 2147483647;
			files = (
			);
			runOnlyForDeploymentPostprocessing = 0;
		};
		065B341A28D8636E004DA3F2 /* Frameworks */ = {
			isa = PBXFrameworksBuildPhase;
			buildActionMask = 2147483647;
			files = (
			);
			runOnlyForDeploymentPostprocessing = 0;
		};
		065B342428D8636E004DA3F2 /* Frameworks */ = {
			isa = PBXFrameworksBuildPhase;
			buildActionMask = 2147483647;
			files = (
			);
			runOnlyForDeploymentPostprocessing = 0;
		};
/* End PBXFrameworksBuildPhase section */

/* Begin PBXGroup section */
		065B33FE28D8636D004DA3F2 = {
			isa = PBXGroup;
			children = (
				065B340928D8636D004DA3F2 /* GitDemoApp */,
				065B342028D8636E004DA3F2 /* GitDemoAppTests */,
				065B342A28D8636E004DA3F2 /* GitDemoAppUITests */,
				065B340828D8636D004DA3F2 /* Products */,
			);
			sourceTree = "<group>";
		};
		065B340828D8636D004DA3F2 /* Products */ = {
			isa = PBXGroup;
			children = (
				065B340728D8636D004DA3F2 /* GitDemoApp.app */,
				065B341D28D8636E004DA3F2 /* GitDemoAppTests.xctest */,
				065B342728D8636E004DA3F2 /* GitDemoAppUITests.xctest */,
			);
			name = Products;
			sourceTree = "<group>";
		};
		065B340928D8636D004DA3F2 /* GitDemoApp */ = {
			isa = PBXGroup;
			children = (
				065B340A28D8636D004DA3F2 /* AppDelegate.swift */,
				065B340C28D8636D004DA3F2 /* SceneDelegate.swift */,
				065B340E28D8636D004DA3F2 /* ViewController.swift */,
				065B341028D8636D004DA3F2 /* Main.storyboard */,
				065B341328D8636E004DA3F2 /* Assets.xcassets */,
				065B341528D8636E004DA3F2 /* LaunchScreen.storyboard */,
				065B341828D8636E004DA3F2 /* Info.plist */,
			);
			path = GitDemoApp;
			sourceTree = "<group>";
		};
		065B342028D8636E004DA3F2 /* GitDemoAppTests */ = {
			isa = PBXGroup;
			children = (
				065B342128D8636E004DA3F2 /* GitDemoAppTests.swift */,
			);
			path = GitDemoAppTests;
			sourceTree = "<group>";
		};
		065B342A28D8636E004DA3F2 /* GitDemoAppUITests */ = {
			isa = PBXGroup;
			children = (
				065B342B28D8636E004DA3F2 /* GitDemoAppUITests.swift */,
				065B342D28D8636E004DA3F2 /* GitDemoAppUITestsLaunchTests.swift */,
			);
			path = GitDemoAppUITests;
			sourceTree = "<group>";
		};
/* End PBXGroup section */

/* Begin PBXNativeTarget section */
		065B340628D8636D004DA3F2 /* GitDemoApp */ = {
			isa = PBXNativeTarget;
			buildConfigurationList = 065B343128D8636E004DA3F2 /* Build configuration list for PBXNativeTarget "GitDemoApp" */;
			buildPhases = (
				065B340328D8636D004DA3F2 /* Sources */,
				065B340428D8636D004DA3F2 /* Frameworks */,
				065B340528D8636D004DA3F2 /* Resources */,
			);
			buildRules = (
			);
			dependencies = (
			);
			name = GitDemoApp;
			productName = GitDemoApp;
			productReference = 065B340728D8636D004DA3F2 /* GitDemoApp.app */;
			productType = "com.apple.product-type.application";
		};
		065B341C28D8636E004DA3F2 /* GitDemoAppTests */ = {
			isa = PBXNativeTarget;
			buildConfigurationList = 065B343428D8636E004DA3F2 /* Build configuration list for PBXNativeTarget "GitDemoAppTests" */;
			buildPhases = (
				065B341928D8636E004DA3F2 /* Sources */,
				065B341A28D8636E004DA3F2 /* Frameworks */,
				065B341B28D8636E004DA3F2 /* Resources */,
			);
			buildRules = (
			);
			dependencies = (
				065B341F28D8636E004DA3F2 /* PBXTargetDependency */,
			);
			name = GitDemoAppTests;
			productName = GitDemoAppTests;
			productReference = 065B341D28D8636E004DA3F2 /* GitDemoAppTests.xctest */;
			productType = "com.apple.product-type.bundle.unit-test";
		};
		065B342628D8636E004DA3F2 /* GitDemoAppUITests */ = {
			isa = PBXNativeTarget;
			buildConfigurationList = 065B343728D8636E004DA3F2 /* Build configuration list for PBXNativeTarget "GitDemoAppUITests" */;
			buildPhases = (
				065B342328D8636E004DA3F2 /* Sources */,
				065B342428D8636E004DA3F2 /* Frameworks */,
				065B342528D8636E004DA3F2 /* Resources */,
			);
			buildRules = (
			);
			dependencies = (
				065B342928D8636E004DA3F2 /* PBXTargetDependency */,
			);
			name = GitDemoAppUITests;
			productName = GitDemoAppUITests;
			productReference = 065B342728D8636E004DA3F2 /* GitDemoAppUITests.xctest */;
			productType = "com.apple.product-type.bundle.ui-testing";
		};
/* End PBXNativeTarget section */

/* Begin PBXProject section */
		065B33FF28D8636D004DA3F2 /* Project object */ = {
			isa = PBXProject;
			attributes = {
				BuildIndependentTargetsInParallel = 1;
				LastSwiftUpdateCheck = 1340;
				LastUpgradeCheck = 1340;
				TargetAttributes = {
					065B340628D8636D004DA3F2 = {
						CreatedOnToolsVersion = 13.4.1;
					};
					065B341C28D8636E004DA3F2 = {
						CreatedOnToolsVersion = 13.4.1;
						TestTargetID = 065B340628D8636D004DA3F2;
					};
					065B342628D8636E004DA3F2 = {
						CreatedOnToolsVersion = 13.4.1;
						TestTargetID = 065B340628D8636D004DA3F2;
					};
				};
			};
			buildConfigurationList = 065B340228D8636D004DA3F2 /* Build configuration list for PBXProject "GitDemoApp" */;
			compatibilityVersion = "Xcode 13.0";
			developmentRegion = en;
			hasScannedForEncodings = 0;
			knownRegions = (
				en,
				Base,
			);
			mainGroup = 065B33FE28D8636D004DA3F2;
			productRefGroup = 065B340828D8636D004DA3F2 /* Products */;
			projectDirPath = "";
			projectRoot = "";
			targets = (
				065B340628D8636D004DA3F2 /* GitDemoApp */,
				065B341C28D8636E004DA3F2 /* GitDemoAppTests */,
				065B342628D8636E004DA3F2 /* GitDemoAppUITests */,
			);
		};
/* End PBXProject section */

/* Begin PBXResourcesBuildPhase section */
		065B340528D8636D004DA3F2 /* Resources */ = {
			isa = PBXResourcesBuildPhase;
			buildActionMask = 2147483647;
			files = (
				065B341728D8636E004DA3F2 /* LaunchScreen.storyboard in Resources */,
				065B341428D8636E004DA3F2 /* Assets.xcassets in Resources */,
				065B341228D8636D004DA3F2 /* Main.storyboard in Resources */,
			);
			runOnlyForDeploymentPostprocessing = 0;
		};
		065B341B28D8636E004DA3F2 /* Resources */ = {
			isa = PBXResourcesBuildPhase;
			buildActionMask = 2147483647;
			files = (
			);
			runOnlyForDeploymentPostprocessing = 0;
		};
		065B342528D8636E004DA3F2 /* Resources */ = {
			isa = PBXResourcesBuildPhase;
			buildActionMask = 2147483647;
			files = (
			);
			runOnlyForDeploymentPostprocessing = 0;
		};
/* End PBXResourcesBuildPhase section */

/* Begin PBXSourcesBuildPhase section */
		065B340328D8636D004DA3F2 /* Sources */ = {
			isa = PBXSourcesBuildPhase;
			buildActionMask = 2147483647;
			files = (
				065B340F28D8636D004DA3F2 /* ViewController.swift in Sources */,
				065B340B28D8636D004DA3F2 /* AppDelegate.swift in Sources */,
				065B340D28D8636D004DA3F2 /* SceneDelegate.swift in Sources */,
			);
			runOnlyForDeploymentPostprocessing = 0;
		};
		065B341928D8636E004DA3F2 /* Sources */ = {
			isa = PBXSourcesBuildPhase;
			buildActionMask = 2147483647;
			files = (
				065B342228D8636E004DA3F2 /* GitDemoAppTests.swift in Sources */,
			);
			runOnlyForDeploymentPostprocessing = 0;
		};
		065B342328D8636E004DA3F2 /* Sources */ = {
			isa = PBXSourcesBuildPhase;
			buildActionMask = 2147483647;
			files = (
				065B342E28D8636E004DA3F2 /* GitDemoAppUITestsLaunchTests.swift in Sources */,
				065B342C28D8636E004DA3F2 /* GitDemoAppUITests.swift in Sources */,
			);
			runOnlyForDeploymentPostprocessing = 0;
		};
/* End PBXSourcesBuildPhase section */

/* Begin PBXTargetDependency section */
		065B341F28D8636E004DA3F2 /* PBXTargetDependency */ = {
			isa = PBXTargetDependency;
			target = 065B340628D8636D004DA3F2 /* GitDemoApp */;
			targetProxy = 065B341E28D8636E004DA3F2 /* PBXContainerItemProxy */;
		};
		065B342928D8636E004DA3F2 /* PBXTargetDependency */ = {
			isa = PBXTargetDependency;
			target = 065B340628D8636D004DA3F2 /* GitDemoApp */;
			targetProxy = 065B342828D8636E004DA3F2 /* PBXContainerItemProxy */;
		};
/* End PBXTargetDependency section */

/* Begin PBXVariantGroup section */
		065B341028D8636D004DA3F2 /* Main.storyboard */ = {
			isa = PBXVariantGroup;
			children = (
				065B341128D8636D004DA3F2 /* Base */,
			);
			name = Main.storyboard;
			sourceTree = "<group>";
		};
		065B341528D8636E004DA3F2 /* LaunchScreen.storyboard */ = {
			isa = PBXVariantGroup;
			children = (
				065B341628D8636E004DA3F2 /* Base */,
			);
			name = LaunchScreen.storyboard;
			sourceTree = "<group>";
		};
/* End PBXVariantGroup section */

/* Begin XCBuildConfiguration section */
		065B342F28D8636E004DA3F2 /* Debug */ = {
			isa = XCBuildConfiguration;
			buildSettings = {
				ALWAYS_SEARCH_USER_PATHS = NO;
				CLANG_ANALYZER_NONNULL = YES;
				CLANG_ANALYZER_NUMBER_OBJECT_CONVERSION = YES_AGGRESSIVE;
				CLANG_CXX_LANGUAGE_STANDARD = "gnu++17";
				CLANG_ENABLE_MODULES = YES;
				CLANG_ENABLE_OBJC_ARC = YES;
				CLANG_ENABLE_OBJC_WEAK = YES;
				CLANG_WARN_BLOCK_CAPTURE_AUTORELEASING = YES;
				CLANG_WARN_BOOL_CONVERSION = YES;
				CLANG_WARN_COMMA = YES;
				CLANG_WARN_CONSTANT_CONVERSION = YES;
				CLANG_WARN_DEPRECATED_OBJC_IMPLEMENTATIONS = YES;
				CLANG_WARN_DIRECT_OBJC_ISA_USAGE = YES_ERROR;
				CLANG_WARN_DOCUMENTATION_COMMENTS = YES;
				CLANG_WARN_EMPTY_BODY = YES;
				CLANG_WARN_ENUM_CONVERSION = YES;
				CLANG_WARN_INFINITE_RECURSION = YES;
				CLANG_WARN_INT_CONVERSION = YES;
				CLANG_WARN_NON_LITERAL_NULL_CONVERSION = YES;
				CLANG_WARN_OBJC_IMPLICIT_RETAIN_SELF = YES;
				CLANG_WARN_OBJC_LITERAL_CONVERSION = YES;
				CLANG_WARN_OBJC_ROOT_CLASS = YES_ERROR;
				CLANG_WARN_QUOTED_INCLUDE_IN_FRAMEWORK_HEADER = YES;
				CLANG_WARN_RANGE_LOOP_ANALYSIS = YES;
				CLANG_WARN_STRICT_PROTOTYPES = YES;
				CLANG_WARN_SUSPICIOUS_MOVE = YES;
				CLANG_WARN_UNGUARDED_AVAILABILITY = YES_AGGRESSIVE;
				CLANG_WARN_UNREACHABLE_CODE = YES;
				CLANG_WARN__DUPLICATE_METHOD_MATCH = YES;
				COPY_PHASE_STRIP = NO;
				DEBUG_INFORMATION_FORMAT = dwarf;
				ENABLE_STRICT_OBJC_MSGSEND = YES;
				ENABLE_TESTABILITY = YES;
				GCC_C_LANGUAGE_STANDARD = gnu11;
				GCC_DYNAMIC_NO_PIC = NO;
				GCC_NO_COMMON_BLOCKS = YES;
				GCC_OPTIMIZATION_LEVEL = 0;
				GCC_PREPROCESSOR_DEFINITIONS = (
					"DEBUG=1",
					"$(inherited)",
				);
				GCC_WARN_64_TO_32_BIT_CONVERSION = YES;
				GCC_WARN_ABOUT_RETURN_TYPE = YES_ERROR;
				GCC_WARN_UNDECLARED_SELECTOR = YES;
				GCC_WARN_UNINITIALIZED_AUTOS = YES_AGGRESSIVE;
				GCC_WARN_UNUSED_FUNCTION = YES;
				GCC_WARN_UNUSED_VARIABLE = YES;
				IPHONEOS_DEPLOYMENT_TARGET = 15.5;
				MTL_ENABLE_DEBUG_INFO = INCLUDE_SOURCE;
				MTL_FAST_MATH = YES;
				ONLY_ACTIVE_ARCH = YES;
				SDKROOT = iphoneos;
				SWIFT_ACTIVE_COMPILATION_CONDITIONS = DEBUG;
				SWIFT_OPTIMIZATION_LEVEL = "-Onone";
			};
			name = Debug;
		};
		065B343028D8636E004DA3F2 /* Release */ = {
			isa = XCBuildConfiguration;
			buildSettings = {
				ALWAYS_SEARCH_USER_PATHS = NO;
				CLANG_ANALYZER_NONNULL = YES;
				CLANG_ANALYZER_NUMBER_OBJECT_CONVERSION = YES_AGGRESSIVE;
				CLANG_CXX_LANGUAGE_STANDARD = "gnu++17";
				CLANG_ENABLE_MODULES = YES;
				CLANG_ENABLE_OBJC_ARC = YES;
				CLANG_ENABLE_OBJC_WEAK = YES;
				CLANG_WARN_BLOCK_CAPTURE_AUTORELEASING = YES;
				CLANG_WARN_BOOL_CONVERSION = YES;
				CLANG_WARN_COMMA = YES;
				CLANG_WARN_CONSTANT_CONVERSION = YES;
				CLANG_WARN_DEPRECATED_OBJC_IMPLEMENTATIONS = YES;
				CLANG_WARN_DIRECT_OBJC_ISA_USAGE = YES_ERROR;
				CLANG_WARN_DOCUMENTATION_COMMENTS = YES;
				CLANG_WARN_EMPTY_BODY = YES;
				CLANG_WARN_ENUM_CONVERSION = YES;
				CLANG_WARN_INFINITE_RECURSION = YES;
				CLANG_WARN_INT_CONVERSION = YES;
				CLANG_WARN_NON_LITERAL_NULL_CONVERSION = YES;
				CLANG_WARN_OBJC_IMPLICIT_RETAIN_SELF = YES;
				CLANG_WARN_OBJC_LITERAL_CONVERSION = YES;
				CLANG_WARN_OBJC_ROOT_CLASS = YES_ERROR;
				CLANG_WARN_QUOTED_INCLUDE_IN_FRAMEWORK_HEADER = YES;
				CLANG_WARN_RANGE_LOOP_ANALYSIS = YES;
				CLANG_WARN_STRICT_PROTOTYPES = YES;
				CLANG_WARN_SUSPICIOUS_MOVE = YES;
				CLANG_WARN_UNGUARDED_AVAILABILITY = YES_AGGRESSIVE;
				CLANG_WARN_UNREACHABLE_CODE = YES;
				CLANG_WARN__DUPLICATE_METHOD_MATCH = YES;
				COPY_PHASE_STRIP = NO;
				DEBUG_INFORMATION_FORMAT = "dwarf-with-dsym";
				ENABLE_NS_ASSERTIONS = NO;
				ENABLE_STRICT_OBJC_MSGSEND = YES;
				GCC_C_LANGUAGE_STANDARD = gnu11;
				GCC_NO_COMMON_BLOCKS = YES;
				GCC_WARN_64_TO_32_BIT_CONVERSION = YES;
				GCC_WARN_ABOUT_RETURN_TYPE = YES_ERROR;
				GCC_WARN_UNDECLARED_SELECTOR = YES;
				GCC_WARN_UNINITIALIZED_AUTOS = YES_AGGRESSIVE;
				GCC_WARN_UNUSED_FUNCTION = YES;
				GCC_WARN_UNUSED_VARIABLE = YES;
				IPHONEOS_DEPLOYMENT_TARGET = 15.5;
				MTL_ENABLE_DEBUG_INFO = NO;
				MTL_FAST_MATH = YES;
				SDKROOT = iphoneos;
				SWIFT_COMPILATION_MODE = wholemodule;
				SWIFT_OPTIMIZATION_LEVEL = "-O";
				VALIDATE_PRODUCT = YES;
			};
			name = Release;
		};
		065B343228D8636E004DA3F2 /* Debug */ = {
			isa = XCBuildConfiguration;
			buildSettings = {
				ASSETCATALOG_COMPILER_APPICON_NAME = AppIcon;
				ASSETCATALOG_COMPILER_GLOBAL_ACCENT_COLOR_NAME = AccentColor;
				CODE_SIGN_STYLE = Automatic;
				CURRENT_PROJECT_VERSION = 1;
				GENERATE_INFOPLIST_FILE = YES;
				INFOPLIST_FILE = GitDemoApp/Info.plist;
				INFOPLIST_KEY_UIApplicationSupportsIndirectInputEvents = YES;
				INFOPLIST_KEY_UILaunchStoryboardName = LaunchScreen;
				INFOPLIST_KEY_UIMainStoryboardFile = Main;
				INFOPLIST_KEY_UISupportedInterfaceOrientations_iPad = "UIInterfaceOrientationPortrait UIInterfaceOrientationPortraitUpsideDown UIInterfaceOrientationLandscapeLeft UIInterfaceOrientationLandscapeRight";
				INFOPLIST_KEY_UISupportedInterfaceOrientations_iPhone = "UIInterfaceOrientationPortrait UIInterfaceOrientationLandscapeLeft UIInterfaceOrientationLandscapeRight";
				LD_RUNPATH_SEARCH_PATHS = (
					"$(inherited)",
					"@executable_path/Frameworks",
				);
				MARKETING_VERSION = 1.0;
				PRODUCT_BUNDLE_IDENTIFIER = com.capgemini.GitDemoApp;
				PRODUCT_NAME = "$(TARGET_NAME)";
				SWIFT_EMIT_LOC_STRINGS = YES;
				SWIFT_VERSION = 5.0;
				TARGETED_DEVICE_FAMILY = "1,2";
			};
			name = Debug;
		};
		065B343328D8636E004DA3F2 /* Release */ = {
			isa = XCBuildConfiguration;
			buildSettings = {
				ASSETCATALOG_COMPILER_APPICON_NAME = AppIcon;
				ASSETCATALOG_COMPILER_GLOBAL_ACCENT_COLOR_NAME = AccentColor;
				CODE_SIGN_STYLE = Automatic;
				CURRENT_PROJECT_VERSION = 1;
				GENERATE_INFOPLIST_FILE = YES;
				INFOPLIST_FILE = GitDemoApp/Info.plist;
				INFOPLIST_KEY_UIApplicationSupportsIndirectInputEvents = YES;
				INFOPLIST_KEY_UILaunchStoryboardName = LaunchScreen;
				INFOPLIST_KEY_UIMainStoryboardFile = Main;
				INFOPLIST_KEY_UISupportedInterfaceOrientations_iPad = "UIInterfaceOrientationPortrait UIInterfaceOrientationPortraitUpsideDown UIInterfaceOrientationLandscapeLeft UIInterfaceOrientationLandscapeRight";
				INFOPLIST_KEY_UISupportedInterfaceOrientations_iPhone = "UIInterfaceOrientationPortrait UIInterfaceOrientationLandscapeLeft UIInterfaceOrientationLandscapeRight";
				LD_RUNPATH_SEARCH_PATHS = (
					"$(inherited)",
					"@executable_path/Frameworks",
				);
				MARKETING_VERSION = 1.0;
				PRODUCT_BUNDLE_IDENTIFIER = com.capgemini.GitDemoApp;
				PRODUCT_NAME = "$(TARGET_NAME)";
				SWIFT_EMIT_LOC_STRINGS = YES;
				SWIFT_VERSION = 5.0;
				TARGETED_DEVICE_FAMILY = "1,2";
			};
			name = Release;
		};
		065B343528D8636E004DA3F2 /* Debug */ = {
			isa = XCBuildConfiguration;
			buildSettings = {
				ALWAYS_EMBED_SWIFT_STANDARD_LIBRARIES = YES;
				BUNDLE_LOADER = "$(TEST_HOST)";
				CODE_SIGN_STYLE = Automatic;
				CURRENT_PROJECT_VERSION = 1;
				GENERATE_INFOPLIST_FILE = YES;
				IPHONEOS_DEPLOYMENT_TARGET = 15.5;
				MARKETING_VERSION = 1.0;
				PRODUCT_BUNDLE_IDENTIFIER = com.capgemini.GitDemoAppTests;
				PRODUCT_NAME = "$(TARGET_NAME)";
				SWIFT_EMIT_LOC_STRINGS = NO;
				SWIFT_VERSION = 5.0;
				TARGETED_DEVICE_FAMILY = "1,2";
				TEST_HOST = "$(BUILT_PRODUCTS_DIR)/GitDemoApp.app/GitDemoApp";
			};
			name = Debug;
		};
		065B343628D8636E004DA3F2 /* Release */ = {
			isa = XCBuildConfiguration;
			buildSettings = {
				ALWAYS_EMBED_SWIFT_STANDARD_LIBRARIES = YES;
				BUNDLE_LOADER = "$(TEST_HOST)";
				CODE_SIGN_STYLE = Automatic;
				CURRENT_PROJECT_VERSION = 1;
				GENERATE_INFOPLIST_FILE = YES;
				IPHONEOS_DEPLOYMENT_TARGET = 15.5;
				MARKETING_VERSION = 1.0;
				PRODUCT_BUNDLE_IDENTIFIER = com.capgemini.GitDemoAppTests;
				PRODUCT_NAME = "$(TARGET_NAME)";
				SWIFT_EMIT_LOC_STRINGS = NO;
				SWIFT_VERSION = 5.0;
				TARGETED_DEVICE_FAMILY = "1,2";
				TEST_HOST = "$(BUILT_PRODUCTS_DIR)/GitDemoApp.app/GitDemoApp";
			};
			name = Release;
		};
		065B343828D8636E004DA3F2 /* Debug */ = {
			isa = XCBuildConfiguration;
			buildSettings = {
				ALWAYS_EMBED_SWIFT_STANDARD_LIBRARIES = YES;
				CODE_SIGN_STYLE = Automatic;
				CURRENT_PROJECT_VERSION = 1;
				GENERATE_INFOPLIST_FILE = YES;
				MARKETING_VERSION = 1.0;
				PRODUCT_BUNDLE_IDENTIFIER = com.capgemini.GitDemoAppUITests;
				PRODUCT_NAME = "$(TARGET_NAME)";
				SWIFT_EMIT_LOC_STRINGS = NO;
				SWIFT_VERSION = 5.0;
				TARGETED_DEVICE_FAMILY = "1,2";
				TEST_TARGET_NAME = GitDemoApp;
			};
			name = Debug;
		};
		065B343928D8636E004DA3F2 /* Release */ = {
			isa = XCBuildConfiguration;
			buildSettings = {
				ALWAYS_EMBED_SWIFT_STANDARD_LIBRARIES = YES;
				CODE_SIGN_STYLE = Automatic;
				CURRENT_PROJECT_VERSION = 1;
				GENERATE_INFOPLIST_FILE = YES;
				MARKETING_VERSION = 1.0;
				PRODUCT_BUNDLE_IDENTIFIER = com.capgemini.GitDemoAppUITests;
				PRODUCT_NAME = "$(TARGET_NAME)";
				SWIFT_EMIT_LOC_STRINGS = NO;
				SWIFT_VERSION = 5.0;
				TARGETED_DEVICE_FAMILY = "1,2";
				TEST_TARGET_NAME = GitDemoApp;
			};
			name = Release;
		};
/* End XCBuildConfiguration section */

/* Begin XCConfigurationList section */
		065B340228D8636D004DA3F2 /* Build configuration list for PBXProject "GitDemoApp" */ = {
			isa = XCConfigurationList;
			buildConfigurations = (
				065B342F28D8636E004DA3F2 /* Debug */,
				065B343028D8636E004DA3F2 /* Release */,
			);
			defaultConfigurationIsVisible = 0;
			defaultConfigurationName = Release;
		};
		065B343128D8636E004DA3F2 /* Build configuration list for PBXNativeTarget "GitDemoApp" */ = {
			isa = XCConfigurationList;
			buildConfigurations = (
				065B343228D8636E004DA3F2 /* Debug */,
				065B343328D8636E004DA3F2 /* Release */,
			);
			defaultConfigurationIsVisible = 0;
			defaultConfigurationName = Release;
		};
		065B343428D8636E004DA3F2 /* Build configuration list for PBXNativeTarget "GitDemoAppTests" */ = {
			isa = XCConfigurationList;
			buildConfigurations = (
				065B343528D8636E004DA3F2 /* Debug */,
				065B343628D8636E004DA3F2 /* Release */,
			);
			defaultConfigurationIsVisible = 0;
			defaultConfigurationName = Release;
		};
		065B343728D8636E004DA3F2 /* Build configuration list for PBXNativeTarget "GitDemoAppUITests" */ = {
			isa = XCConfigurationList;
			buildConfigurations = (
				065B343828D8636E004DA3F2 /* Debug */,
				065B343928D8636E004DA3F2 /* Release */,
			);
			defaultConfigurationIsVisible = 0;
			defaultConfigurationName = Release;
		};
/* End XCConfigurationList section */
	};
	rootObject = 065B33FF28D8636D004DA3F2 /* Project object */;
}
